
Microsoft Visual Studio Solution File, Format Version 12.00
# Visual Studio Version 16
VisualStudioVersion = 16.0.31005.135
MinimumVisualStudioVersion = 10.0.40219.1
Project("{FAE04EC0-301F-11D3-BF4B-00C04F79EFBC}") = "KPI.Rozklad.CRUD.API", "KPI.Rozklad.CRUD.API\KPI.Rozklad.CRUD.API.csproj", "{F5C09C37-DED6-467D-B03A-AB5A87C03EDA}"
EndProject
Project("{FAE04EC0-301F-11D3-BF4B-00C04F79EFBC}") = "Rozklad.CRUD.DAL", "Rozklad.CRUD.DAL\Rozklad.CRUD.DAL.csproj", "{58BCEF59-AEC1-4CB3-AA6A-85D09BC8BB4E}"
EndProject
Project("{FAE04EC0-301F-11D3-BF4B-00C04F79EFBC}") = "Rozklad.CRUD.BLL", "Rozklad.CRUD.BLL\Rozklad.CRUD.BLL.csproj", "{2AEAC83E-5A48-4D3F-A15D-BE14276AF2FF}"
EndProject
Global
	GlobalSection(SolutionConfigurationPlatforms) = preSolution
		Debug|Any CPU = Debug|Any CPU
		Release|Any CPU = Release|Any CPU
	EndGlobalSection
	GlobalSection(ProjectConfigurationPlatforms) = postSolution
		{F5C09C37-DED6-467D-B03A-AB5A87C03EDA}.Debug|Any CPU.ActiveCfg = Debug|Any CPU
		{F5C09C37-DED6-467D-B03A-AB5A87C03EDA}.Debug|Any CPU.Build.0 = Debug|Any CPU
		{F5C09C37-DED6-467D-B03A-AB5A87C03EDA}.Release|Any CPU.ActiveCfg = Release|Any CPU
		{F5C09C37-DED6-467D-B03A-AB5A87C03EDA}.Release|Any CPU.Build.0 = Release|Any CPU
		{58BCEF59-AEC1-4CB3-AA6A-85D09BC8BB4E}.Debug|Any CPU.ActiveCfg = Debug|Any CPU
		{58BCEF59-AEC1-4CB3-AA6A-85D09BC8BB4E}.Debug|Any CPU.Build.0 = Debug|Any CPU
		{58BCEF59-AEC1-4CB3-AA6A-85D09BC8BB4E}.Release|Any CPU.ActiveCfg = Release|Any CPU
		{58BCEF59-AEC1-4CB3-AA6A-85D09BC8BB4E}.Release|Any CPU.Build.0 = Release|Any CPU
		{2AEAC83E-5A48-4D3F-A15D-BE14276AF2FF}.Debug|Any CPU.ActiveCfg = Debug|Any CPU
		{2AEAC83E-5A48-4D3F-A15D-BE14276AF2FF}.Debug|Any CPU.Build.0 = Debug|Any CPU
		{2AEAC83E-5A48-4D3F-A15D-BE14276AF2FF}.Release|Any CPU.ActiveCfg = Release|Any CPU
		{2AEAC83E-5A48-4D3F-A15D-BE14276AF2FF}.Release|Any CPU.Build.0 = Release|Any CPU
	EndGlobalSection
	GlobalSection(SolutionProperties) = preSolution
		HideSolutionNode = FALSE
	EndGlobalSection
	GlobalSection(ExtensibilityGlobals) = postSolution
		SolutionGuid = {69D6BF82-619D-436C-A991-7EE8BCD7511E}
	EndGlobalSection
EndGlobal
